
Microsoft Visual Studio Solution File, Format Version 12.00
# Visual Studio Version 17
VisualStudioVersion = 17.6.33723.286
MinimumVisualStudioVersion = 10.0.40219.1
Project("{8BC9CEB8-8B4A-11D0-8D11-00A0C91BC942}") = "HireDriverCase1", "HireDriverCase1\HireDriverCase1.vcxproj", "{F0368F94-6D46-4C86-923D-64243B8A201E}"
EndProject
Global
	GlobalSection(SolutionConfigurationPlatforms) = preSolution
		Debug|x64 = Debug|x64
		Debug|x86 = Debug|x86
		Release|x64 = Release|x64
		Release|x86 = Release|x86
	EndGlobalSection
	GlobalSection(ProjectConfigurationPlatforms) = postSolution
		{F0368F94-6D46-4C86-923D-64243B8A201E}.Debug|x64.ActiveCfg = Debug|x64
		{F0368F94-6D46-4C86-923D-64243B8A201E}.Debug|x64.Build.0 = Debug|x64
		{F0368F94-6D46-4C86-923D-64243B8A201E}.Debug|x86.ActiveCfg = Debug|Win32
		{F0368F94-6D46-4C86-923D-64243B8A201E}.Debug|x86.Build.0 = Debug|Win32
		{F0368F94-6D46-4C86-923D-64243B8A201E}.Release|x64.ActiveCfg = Release|x64
		{F0368F94-6D46-4C86-923D-64243B8A201E}.Release|x64.Build.0 = Release|x64
		{F0368F94-6D46-4C86-923D-64243B8A201E}.Release|x86.ActiveCfg = Release|Win32
		{F0368F94-6D46-4C86-923D-64243B8A201E}.Release|x86.Build.0 = Release|Win32
	EndGlobalSection
	GlobalSection(SolutionProperties) = preSolution
		HideSolutionNode = FALSE
	EndGlobalSection
	GlobalSection(ExtensibilityGlobals) = postSolution
		SolutionGuid = {5A0BE3AA-BBD0-42BF-B0C4-3A1434A80BC8}
	EndGlobalSection
EndGlobal
