
Microsoft Visual Studio Solution File, Format Version 12.00
# Visual Studio Version 17
VisualStudioVersion = 17.6.33723.286
MinimumVisualStudioVersion = 10.0.40219.1
Project("{FAE04EC0-301F-11D3-BF4B-00C04F79EFBC}") = "CSharpOddEvenAdvancedSolution", "CSharpOddEvenAdvancedSolution\CSharpOddEvenAdvancedSolution.csproj", "{8160A88D-F812-441F-AFEF-9B58DC08B326}"
EndProject
Global
	GlobalSection(SolutionConfigurationPlatforms) = preSolution
		Debug|Any CPU = Debug|Any CPU
		Release|Any CPU = Release|Any CPU
	EndGlobalSection
	GlobalSection(ProjectConfigurationPlatforms) = postSolution
		{8160A88D-F812-441F-AFEF-9B58DC08B326}.Debug|Any CPU.ActiveCfg = Debug|Any CPU
		{8160A88D-F812-441F-AFEF-9B58DC08B326}.Debug|Any CPU.Build.0 = Debug|Any CPU
		{8160A88D-F812-441F-AFEF-9B58DC08B326}.Release|Any CPU.ActiveCfg = Release|Any CPU
		{8160A88D-F812-441F-AFEF-9B58DC08B326}.Release|Any CPU.Build.0 = Release|Any CPU
	EndGlobalSection
	GlobalSection(SolutionProperties) = preSolution
		HideSolutionNode = FALSE
	EndGlobalSection
	GlobalSection(ExtensibilityGlobals) = postSolution
		SolutionGuid = {F527DB41-A9EF-4832-82C8-352AE3D2D964}
	EndGlobalSection
EndGlobal
