
Microsoft Visual Studio Solution File, Format Version 12.00
# Visual Studio Version 17
VisualStudioVersion = 17.6.33723.286
MinimumVisualStudioVersion = 10.0.40219.1
Project("{FAE04EC0-301F-11D3-BF4B-00C04F79EFBC}") = "SimpleCarRentalSystem", "SimpleCarRentalSystem\SimpleCarRentalSystem.csproj", "{33C8977E-97CC-467F-9237-E6E782D385CD}"
EndProject
Global
	GlobalSection(SolutionConfigurationPlatforms) = preSolution
		Debug|Any CPU = Debug|Any CPU
		Release|Any CPU = Release|Any CPU
	EndGlobalSection
	GlobalSection(ProjectConfigurationPlatforms) = postSolution
		{33C8977E-97CC-467F-9237-E6E782D385CD}.Debug|Any CPU.ActiveCfg = Debug|Any CPU
		{33C8977E-97CC-467F-9237-E6E782D385CD}.Debug|Any CPU.Build.0 = Debug|Any CPU
		{33C8977E-97CC-467F-9237-E6E782D385CD}.Release|Any CPU.ActiveCfg = Release|Any CPU
		{33C8977E-97CC-467F-9237-E6E782D385CD}.Release|Any CPU.Build.0 = Release|Any CPU
	EndGlobalSection
	GlobalSection(SolutionProperties) = preSolution
		HideSolutionNode = FALSE
	EndGlobalSection
	GlobalSection(ExtensibilityGlobals) = postSolution
		SolutionGuid = {B1473892-FC1C-45A3-A267-DF93D7451A78}
	EndGlobalSection
EndGlobal
