
Microsoft Visual Studio Solution File, Format Version 12.00
# Visual Studio Version 17
VisualStudioVersion = 17.6.33723.286
MinimumVisualStudioVersion = 10.0.40219.1
Project("{FAE04EC0-301F-11D3-BF4B-00C04F79EFBC}") = "CalculateAreaCircumferenceOfCircle", "CalculateAreaCircumferenceOfCircle\CalculateAreaCircumferenceOfCircle.csproj", "{14F466F2-7647-4C96-B276-DE6AD2FF9299}"
EndProject
Global
	GlobalSection(SolutionConfigurationPlatforms) = preSolution
		Debug|Any CPU = Debug|Any CPU
		Release|Any CPU = Release|Any CPU
	EndGlobalSection
	GlobalSection(ProjectConfigurationPlatforms) = postSolution
		{14F466F2-7647-4C96-B276-DE6AD2FF9299}.Debug|Any CPU.ActiveCfg = Debug|Any CPU
		{14F466F2-7647-4C96-B276-DE6AD2FF9299}.Debug|Any CPU.Build.0 = Debug|Any CPU
		{14F466F2-7647-4C96-B276-DE6AD2FF9299}.Release|Any CPU.ActiveCfg = Release|Any CPU
		{14F466F2-7647-4C96-B276-DE6AD2FF9299}.Release|Any CPU.Build.0 = Release|Any CPU
	EndGlobalSection
	GlobalSection(SolutionProperties) = preSolution
		HideSolutionNode = FALSE
	EndGlobalSection
	GlobalSection(ExtensibilityGlobals) = postSolution
		SolutionGuid = {1FF2D404-C196-471B-8AB5-C7BC011F3185}
	EndGlobalSection
EndGlobal
