
Microsoft Visual Studio Solution File, Format Version 12.00
# Visual Studio Version 17
VisualStudioVersion = 17.6.33723.286
MinimumVisualStudioVersion = 10.0.40219.1
Project("{FAE04EC0-301F-11D3-BF4B-00C04F79EFBC}") = "EnterNameAndPrintItOnScreen", "EnterNameAndPrintItOnScreen\EnterNameAndPrintItOnScreen.csproj", "{A31BF7E9-43BC-45DC-AA07-E9924BDA2D5E}"
EndProject
Global
	GlobalSection(SolutionConfigurationPlatforms) = preSolution
		Debug|Any CPU = Debug|Any CPU
		Release|Any CPU = Release|Any CPU
	EndGlobalSection
	GlobalSection(ProjectConfigurationPlatforms) = postSolution
		{A31BF7E9-43BC-45DC-AA07-E9924BDA2D5E}.Debug|Any CPU.ActiveCfg = Debug|Any CPU
		{A31BF7E9-43BC-45DC-AA07-E9924BDA2D5E}.Debug|Any CPU.Build.0 = Debug|Any CPU
		{A31BF7E9-43BC-45DC-AA07-E9924BDA2D5E}.Release|Any CPU.ActiveCfg = Release|Any CPU
		{A31BF7E9-43BC-45DC-AA07-E9924BDA2D5E}.Release|Any CPU.Build.0 = Release|Any CPU
	EndGlobalSection
	GlobalSection(SolutionProperties) = preSolution
		HideSolutionNode = FALSE
	EndGlobalSection
	GlobalSection(ExtensibilityGlobals) = postSolution
		SolutionGuid = {C0643A57-9C09-4C4A-944C-695A0235085D}
	EndGlobalSection
EndGlobal
