
Microsoft Visual Studio Solution File, Format Version 12.00
# Visual Studio Version 17
VisualStudioVersion = 17.6.33723.286
MinimumVisualStudioVersion = 10.0.40219.1
Project("{FAE04EC0-301F-11D3-BF4B-00C04F79EFBC}") = "ProductOfMultipleNumbers", "ProductOfMultipleNumbers\ProductOfMultipleNumbers.csproj", "{5E71F20E-108A-478F-A91F-A0CF5DCC5112}"
EndProject
Global
	GlobalSection(SolutionConfigurationPlatforms) = preSolution
		Debug|Any CPU = Debug|Any CPU
		Release|Any CPU = Release|Any CPU
	EndGlobalSection
	GlobalSection(ProjectConfigurationPlatforms) = postSolution
		{5E71F20E-108A-478F-A91F-A0CF5DCC5112}.Debug|Any CPU.ActiveCfg = Debug|Any CPU
		{5E71F20E-108A-478F-A91F-A0CF5DCC5112}.Debug|Any CPU.Build.0 = Debug|Any CPU
		{5E71F20E-108A-478F-A91F-A0CF5DCC5112}.Release|Any CPU.ActiveCfg = Release|Any CPU
		{5E71F20E-108A-478F-A91F-A0CF5DCC5112}.Release|Any CPU.Build.0 = Release|Any CPU
	EndGlobalSection
	GlobalSection(SolutionProperties) = preSolution
		HideSolutionNode = FALSE
	EndGlobalSection
	GlobalSection(ExtensibilityGlobals) = postSolution
		SolutionGuid = {0EC0681E-8E22-4D2B-9EE4-EA2EEB82B71A}
	EndGlobalSection
EndGlobal
