
Microsoft Visual Studio Solution File, Format Version 12.00
# Visual Studio Version 17
VisualStudioVersion = 17.6.33723.286
MinimumVisualStudioVersion = 10.0.40219.1
Project("{FAE04EC0-301F-11D3-BF4B-00C04F79EFBC}") = "ImplementationOfDictionaryClass", "ImplementationOfDictionaryClass\ImplementationOfDictionaryClass.csproj", "{406B216E-D5B6-436D-8252-AB9D1F047376}"
EndProject
Global
	GlobalSection(SolutionConfigurationPlatforms) = preSolution
		Debug|Any CPU = Debug|Any CPU
		Release|Any CPU = Release|Any CPU
	EndGlobalSection
	GlobalSection(ProjectConfigurationPlatforms) = postSolution
		{406B216E-D5B6-436D-8252-AB9D1F047376}.Debug|Any CPU.ActiveCfg = Debug|Any CPU
		{406B216E-D5B6-436D-8252-AB9D1F047376}.Debug|Any CPU.Build.0 = Debug|Any CPU
		{406B216E-D5B6-436D-8252-AB9D1F047376}.Release|Any CPU.ActiveCfg = Release|Any CPU
		{406B216E-D5B6-436D-8252-AB9D1F047376}.Release|Any CPU.Build.0 = Release|Any CPU
	EndGlobalSection
	GlobalSection(SolutionProperties) = preSolution
		HideSolutionNode = FALSE
	EndGlobalSection
	GlobalSection(ExtensibilityGlobals) = postSolution
		SolutionGuid = {5F11A765-7E04-4DAC-9D06-2DAA10B61FAF}
	EndGlobalSection
EndGlobal
