
Microsoft Visual Studio Solution File, Format Version 12.00
# Visual Studio Version 17
VisualStudioVersion = 17.6.33723.286
MinimumVisualStudioVersion = 10.0.40219.1
Project("{FAE04EC0-301F-11D3-BF4B-00C04F79EFBC}") = "CalculateVolumeOfCube", "CalculateVolumeOfCube\CalculateVolumeOfCube.csproj", "{74CBB8F1-69B5-49CF-B565-2F24680C3B6C}"
EndProject
Global
	GlobalSection(SolutionConfigurationPlatforms) = preSolution
		Debug|Any CPU = Debug|Any CPU
		Release|Any CPU = Release|Any CPU
	EndGlobalSection
	GlobalSection(ProjectConfigurationPlatforms) = postSolution
		{74CBB8F1-69B5-49CF-B565-2F24680C3B6C}.Debug|Any CPU.ActiveCfg = Debug|Any CPU
		{74CBB8F1-69B5-49CF-B565-2F24680C3B6C}.Debug|Any CPU.Build.0 = Debug|Any CPU
		{74CBB8F1-69B5-49CF-B565-2F24680C3B6C}.Release|Any CPU.ActiveCfg = Release|Any CPU
		{74CBB8F1-69B5-49CF-B565-2F24680C3B6C}.Release|Any CPU.Build.0 = Release|Any CPU
	EndGlobalSection
	GlobalSection(SolutionProperties) = preSolution
		HideSolutionNode = FALSE
	EndGlobalSection
	GlobalSection(ExtensibilityGlobals) = postSolution
		SolutionGuid = {97EB81B1-183C-48C1-B27C-134057C81F23}
	EndGlobalSection
EndGlobal
