
Microsoft Visual Studio Solution File, Format Version 12.00
# Visual Studio Version 17
VisualStudioVersion = 17.6.33723.286
MinimumVisualStudioVersion = 10.0.40219.1
Project("{FAE04EC0-301F-11D3-BF4B-00C04F79EFBC}") = "DetectingChangesInDataXOR", "DetectingChangesInDataXOR\DetectingChangesInDataXOR.csproj", "{4909907D-1AFE-4253-953A-B6A4414B1EBC}"
EndProject
Global
	GlobalSection(SolutionConfigurationPlatforms) = preSolution
		Debug|Any CPU = Debug|Any CPU
		Release|Any CPU = Release|Any CPU
	EndGlobalSection
	GlobalSection(ProjectConfigurationPlatforms) = postSolution
		{4909907D-1AFE-4253-953A-B6A4414B1EBC}.Debug|Any CPU.ActiveCfg = Debug|Any CPU
		{4909907D-1AFE-4253-953A-B6A4414B1EBC}.Debug|Any CPU.Build.0 = Debug|Any CPU
		{4909907D-1AFE-4253-953A-B6A4414B1EBC}.Release|Any CPU.ActiveCfg = Release|Any CPU
		{4909907D-1AFE-4253-953A-B6A4414B1EBC}.Release|Any CPU.Build.0 = Release|Any CPU
	EndGlobalSection
	GlobalSection(SolutionProperties) = preSolution
		HideSolutionNode = FALSE
	EndGlobalSection
	GlobalSection(ExtensibilityGlobals) = postSolution
		SolutionGuid = {1BAE4F4B-DA30-41E5-A648-829CE507ADD8}
	EndGlobalSection
EndGlobal
