
Microsoft Visual Studio Solution File, Format Version 12.00
# Visual Studio Version 17
VisualStudioVersion = 17.6.33723.286
MinimumVisualStudioVersion = 10.0.40219.1
Project("{FAE04EC0-301F-11D3-BF4B-00C04F79EFBC}") = "SecondReadAndPrint", "SecondReadAndPrint\SecondReadAndPrint.csproj", "{86E09BFD-DA14-4595-8A3C-6EBCE6E300A2}"
EndProject
Global
	GlobalSection(SolutionConfigurationPlatforms) = preSolution
		Debug|Any CPU = Debug|Any CPU
		Release|Any CPU = Release|Any CPU
	EndGlobalSection
	GlobalSection(ProjectConfigurationPlatforms) = postSolution
		{86E09BFD-DA14-4595-8A3C-6EBCE6E300A2}.Debug|Any CPU.ActiveCfg = Debug|Any CPU
		{86E09BFD-DA14-4595-8A3C-6EBCE6E300A2}.Debug|Any CPU.Build.0 = Debug|Any CPU
		{86E09BFD-DA14-4595-8A3C-6EBCE6E300A2}.Release|Any CPU.ActiveCfg = Release|Any CPU
		{86E09BFD-DA14-4595-8A3C-6EBCE6E300A2}.Release|Any CPU.Build.0 = Release|Any CPU
	EndGlobalSection
	GlobalSection(SolutionProperties) = preSolution
		HideSolutionNode = FALSE
	EndGlobalSection
	GlobalSection(ExtensibilityGlobals) = postSolution
		SolutionGuid = {CA380CBF-2E1E-401D-AE1B-0462EF3D049C}
	EndGlobalSection
EndGlobal
