
Microsoft Visual Studio Solution File, Format Version 12.00
# Visual Studio Version 17
VisualStudioVersion = 17.6.33723.286
MinimumVisualStudioVersion = 10.0.40219.1
Project("{FAE04EC0-301F-11D3-BF4B-00C04F79EFBC}") = "SimpleLibraryManagement", "SimpleLibraryManagement\SimpleLibraryManagement.csproj", "{EF99D76F-0488-4251-B0D9-D8B74B8FAEAC}"
EndProject
Global
	GlobalSection(SolutionConfigurationPlatforms) = preSolution
		Debug|Any CPU = Debug|Any CPU
		Release|Any CPU = Release|Any CPU
	EndGlobalSection
	GlobalSection(ProjectConfigurationPlatforms) = postSolution
		{EF99D76F-0488-4251-B0D9-D8B74B8FAEAC}.Debug|Any CPU.ActiveCfg = Debug|Any CPU
		{EF99D76F-0488-4251-B0D9-D8B74B8FAEAC}.Debug|Any CPU.Build.0 = Debug|Any CPU
		{EF99D76F-0488-4251-B0D9-D8B74B8FAEAC}.Release|Any CPU.ActiveCfg = Release|Any CPU
		{EF99D76F-0488-4251-B0D9-D8B74B8FAEAC}.Release|Any CPU.Build.0 = Release|Any CPU
	EndGlobalSection
	GlobalSection(SolutionProperties) = preSolution
		HideSolutionNode = FALSE
	EndGlobalSection
	GlobalSection(ExtensibilityGlobals) = postSolution
		SolutionGuid = {5FBB3D71-1625-481C-86AB-B2C4916A3485}
	EndGlobalSection
EndGlobal
