
Microsoft Visual Studio Solution File, Format Version 12.00
# Visual Studio Version 17
VisualStudioVersion = 17.6.33723.286
MinimumVisualStudioVersion = 10.0.40219.1
Project("{FAE04EC0-301F-11D3-BF4B-00C04F79EFBC}") = "SimpleHRSystem", "SimpleHRSystem\SimpleHRSystem.csproj", "{E1E590FD-B9D8-4221-B36F-2E76FD3917E5}"
EndProject
Global
	GlobalSection(SolutionConfigurationPlatforms) = preSolution
		Debug|Any CPU = Debug|Any CPU
		Release|Any CPU = Release|Any CPU
	EndGlobalSection
	GlobalSection(ProjectConfigurationPlatforms) = postSolution
		{E1E590FD-B9D8-4221-B36F-2E76FD3917E5}.Debug|Any CPU.ActiveCfg = Debug|Any CPU
		{E1E590FD-B9D8-4221-B36F-2E76FD3917E5}.Debug|Any CPU.Build.0 = Debug|Any CPU
		{E1E590FD-B9D8-4221-B36F-2E76FD3917E5}.Release|Any CPU.ActiveCfg = Release|Any CPU
		{E1E590FD-B9D8-4221-B36F-2E76FD3917E5}.Release|Any CPU.Build.0 = Release|Any CPU
	EndGlobalSection
	GlobalSection(SolutionProperties) = preSolution
		HideSolutionNode = FALSE
	EndGlobalSection
	GlobalSection(ExtensibilityGlobals) = postSolution
		SolutionGuid = {F1F4CCC3-D907-4E83-93F6-59FA10EED2F4}
	EndGlobalSection
EndGlobal
