
Microsoft Visual Studio Solution File, Format Version 12.00
# Visual Studio Version 17
VisualStudioVersion = 17.6.33723.286
MinimumVisualStudioVersion = 10.0.40219.1
Project("{FAE04EC0-301F-11D3-BF4B-00C04F79EFBC}") = "CalculateVolumeOfCylinder", "CalculateVolumeOfCylinder\CalculateVolumeOfCylinder.csproj", "{A57BE4C9-46AC-4E54-8CA5-1C15EE2528CB}"
EndProject
Global
	GlobalSection(SolutionConfigurationPlatforms) = preSolution
		Debug|Any CPU = Debug|Any CPU
		Release|Any CPU = Release|Any CPU
	EndGlobalSection
	GlobalSection(ProjectConfigurationPlatforms) = postSolution
		{A57BE4C9-46AC-4E54-8CA5-1C15EE2528CB}.Debug|Any CPU.ActiveCfg = Debug|Any CPU
		{A57BE4C9-46AC-4E54-8CA5-1C15EE2528CB}.Debug|Any CPU.Build.0 = Debug|Any CPU
		{A57BE4C9-46AC-4E54-8CA5-1C15EE2528CB}.Release|Any CPU.ActiveCfg = Release|Any CPU
		{A57BE4C9-46AC-4E54-8CA5-1C15EE2528CB}.Release|Any CPU.Build.0 = Release|Any CPU
	EndGlobalSection
	GlobalSection(SolutionProperties) = preSolution
		HideSolutionNode = FALSE
	EndGlobalSection
	GlobalSection(ExtensibilityGlobals) = postSolution
		SolutionGuid = {98BC6F17-A6A3-4390-BC19-5D62D6421F71}
	EndGlobalSection
EndGlobal
